
Microsoft Visual Studio Solution File, Format Version 12.00
# Visual Studio Version 17
VisualStudioVersion = 17.14.37314.3 d17.14
MinimumVisualStudioVersion = 10.0.40219.1
Project("{FAE04EC0-301F-11D3-BF4B-00C04F79EFBC}") = "BillingSystem", "BillingSystem\BillingSystem.csproj", "{D8AFC950-73AE-4B63-BD60-67F38DA8E7BA}"
EndProject
Global
	GlobalSection(SolutionConfigurationPlatforms) = preSolution
		Debug|Any CPU = Debug|Any CPU
		Release|Any CPU = Release|Any CPU
	EndGlobalSection
	GlobalSection(ProjectConfigurationPlatforms) = postSolution
		{D8AFC950-73AE-4B63-BD60-67F38DA8E7BA}.Debug|Any CPU.ActiveCfg = Debug|Any CPU
		{D8AFC950-73AE-4B63-BD60-67F38DA8E7BA}.Debug|Any CPU.Build.0 = Debug|Any CPU
		{D8AFC950-73AE-4B63-BD60-67F38DA8E7BA}.Release|Any CPU.ActiveCfg = Release|Any CPU
		{D8AFC950-73AE-4B63-BD60-67F38DA8E7BA}.Release|Any CPU.Build.0 = Release|Any CPU
	EndGlobalSection
	GlobalSection(SolutionProperties) = preSolution
		HideSolutionNode = FALSE
	EndGlobalSection
	GlobalSection(ExtensibilityGlobals) = postSolution
		SolutionGuid = {CE30EC57-19F8-40E8-8FCF-70550244DBEB}
	EndGlobalSection
EndGlobal
